
Microsoft Visual Studio Solution File, Format Version 12.00
# Visual Studio Version 17
VisualStudioVersion = 17.4.33213.308
MinimumVisualStudioVersion = 10.0.40219.1
Project("{F184B08F-C81C-45F6-A57F-5ABD9991F28F}") = "AGUILAR_EDP", "AGUILAR_EDP\AGUILAR_EDP.vbproj", "{6FF3BAFD-3143-4F46-98E3-9CCEDD628B3E}"
EndProject
Project("{54435603-DBB4-11D2-8724-00A0C9A8B90C}") = "OMA-ANGAT", "OMA-ANGAT\OMA-ANGAT.vdproj", "{073D6D8A-3E46-4976-94F4-562247671EC8}"
EndProject
Global
	GlobalSection(SolutionConfigurationPlatforms) = preSolution
		Debug|Any CPU = Debug|Any CPU
		Release|Any CPU = Release|Any CPU
	EndGlobalSection
	GlobalSection(ProjectConfigurationPlatforms) = postSolution
		{6FF3BAFD-3143-4F46-98E3-9CCEDD628B3E}.Debug|Any CPU.ActiveCfg = Debug|Any CPU
		{6FF3BAFD-3143-4F46-98E3-9CCEDD628B3E}.Debug|Any CPU.Build.0 = Debug|Any CPU
		{6FF3BAFD-3143-4F46-98E3-9CCEDD628B3E}.Release|Any CPU.ActiveCfg = Release|Any CPU
		{6FF3BAFD-3143-4F46-98E3-9CCEDD628B3E}.Release|Any CPU.Build.0 = Release|Any CPU
		{073D6D8A-3E46-4976-94F4-562247671EC8}.Debug|Any CPU.ActiveCfg = Debug
		{073D6D8A-3E46-4976-94F4-562247671EC8}.Release|Any CPU.ActiveCfg = Release
	EndGlobalSection
	GlobalSection(SolutionProperties) = preSolution
		HideSolutionNode = FALSE
	EndGlobalSection
	GlobalSection(ExtensibilityGlobals) = postSolution
		SolutionGuid = {AFC0AD45-D1FF-4968-B34D-4E25879F768C}
	EndGlobalSection
EndGlobal
